// !$*UTF8*$!
{
	archiveVersion = 1;
	classes = {
	};
	objectVersion = 50;
	objects = {

/* Begin PBXBuildFile section */
		24C8F0412576D7DF00E0D182 /* AppDelegate.swift in Sources */ = {isa = PBXBuildFile; fileRef = 24C8F0402576D7DF00E0D182 /* AppDelegate.swift */; };
		24C8F0432576D7DF00E0D182 /* SceneDelegate.swift in Sources */ = {isa = PBXBuildFile; fileRef = 24C8F0422576D7DF00E0D182 /* SceneDelegate.swift */; };
		24C8F0452576D7DF00E0D182 /* ViewController.swift in Sources */ = {isa = PBXBuildFile; fileRef = 24C8F0442576D7DF00E0D182 /* ViewController.swift */; };
		24C8F0482576D7DF00E0D182 /* Main.storyboard in Resources */ = {isa = PBXBuildFile; fileRef = 24C8F0462576D7DF00E0D182 /* Main.storyboard */; };
		24C8F04A2576D7E100E0D182 /* Assets.xcassets in Resources */ = {isa = PBXBuildFile; fileRef = 24C8F0492576D7E100E0D182 /* Assets.xcassets */; };
		24C8F04D2576D7E100E0D182 /* LaunchScreen.storyboard in Resources */ = {isa = PBXBuildFile; fileRef = 24C8F04B2576D7E100E0D182 /* LaunchScreen.storyboard */; };
		24C8F0582576D7E100E0D182 /* custom_menuTests.swift in Sources */ = {isa = PBXBuildFile; fileRef = 24C8F0572576D7E100E0D182 /* custom_menuTests.swift */; };
/* End PBXBuildFile section */

/* Begin PBXContainerItemProxy section */
		24C8F0542576D7E100E0D182 /* PBXContainerItemProxy */ = {
			isa = PBXContainerItemProxy;
			containerPortal = 24C8F0352576D7DF00E0D182 /* Project object */;
			proxyType = 1;
			remoteGlobalIDString = 24C8F03C2576D7DF00E0D182;
			remoteInfo = "custom menu";
		};
/* End PBXContainerItemProxy section */

/* Begin PBXFileReference section */
		24C8F03D2576D7DF00E0D182 /* custom menu.app */ = {isa = PBXFileReference; explicitFileType = wrapper.application; includeInIndex = 0; path = "custom menu.app"; sourceTree = BUILT_PRODUCTS_DIR; };
		24C8F0402576D7DF00E0D182 /* AppDelegate.swift */ = {isa = PBXFileReference; lastKnownFileType = sourcecode.swift; path = AppDelegate.swift; sourceTree = "<group>"; };
		24C8F0422576D7DF00E0D182 /* SceneDelegate.swift */ = {isa = PBXFileReference; lastKnownFileType = sourcecode.swift; path = SceneDelegate.swift; sourceTree = "<group>"; };
		24C8F0442576D7DF00E0D182 /* ViewController.swift */ = {isa = PBXFileReference; lastKnownFileType = sourcecode.swift; path = ViewController.swift; sourceTree = "<group>"; };
		24C8F0472576D7DF00E0D182 /* Base */ = {isa = PBXFileReference; lastKnownFileType = file.storyboard; name = Base; path = Base.lproj/Main.storyboard; sourceTree = "<group>"; };
		24C8F0492576D7E100E0D182 /* Assets.xcassets */ = {isa = PBXFileReference; lastKnownFileType = folder.assetcatalog; path = Assets.xcassets; sourceTree = "<group>"; };
		24C8F04C2576D7E100E0D182 /* Base */ = {isa = PBXFileReference; lastKnownFileType = file.storyboard; name = Base; path = Base.lproj/LaunchScreen.storyboard; sourceTree = "<group>"; };
		24C8F04E2576D7E100E0D182 /* Info.plist */ = {isa = PBXFileReference; lastKnownFileType = text.plist.xml; path = Info.plist; sourceTree = "<group>"; };
		24C8F0532576D7E100E0D182 /* custom menuTests.xctest */ = {isa = PBXFileReference; explicitFileType = wrapper.cfbundle; includeInIndex = 0; path = "custom menuTests.xctest"; sourceTree = BUILT_PRODUCTS_DIR; };
		24C8F0572576D7E100E0D182 /* custom_menuTests.swift */ = {isa = PBXFileReference; lastKnownFileType = sourcecode.swift; path = custom_menuTests.swift; sourceTree = "<group>"; };
		24C8F0592576D7E100E0D182 /* Info.plist */ = {isa = PBXFileReference; lastKnownFileType = text.plist.xml; path = Info.plist; sourceTree = "<group>"; };
/* End PBXFileReference section */

/* Begin PBXFrameworksBuildPhase section */
		24C8F03A2576D7DF00E0D182 /* Frameworks */ = {
			isa = PBXFrameworksBuildPhase;
			buildActionMask = 2147483647;
			files = (
			);
			runOnlyForDeploymentPostprocessing = 0;
		};
		24C8F0502576D7E100E0D182 /* Frameworks */ = {
			isa = PBXFrameworksBuildPhase;
			buildActionMask = 2147483647;
			files = (
			);
			runOnlyForDeploymentPostprocessing = 0;
		};
/* End PBXFrameworksBuildPhase section */

/* Begin PBXGroup section */
		24C8F0342576D7DF00E0D182 = {
			isa = PBXGroup;
			children = (
				24C8F03F2576D7DF00E0D182 /* custom menu */,
				24C8F0562576D7E100E0D182 /* custom menuTests */,
				24C8F03E2576D7DF00E0D182 /* Products */,
			);
			sourceTree = "<group>";
		};
		24C8F03E2576D7DF00E0D182 /* Products */ = {
			isa = PBXGroup;
			children = (
				24C8F03D2576D7DF00E0D182 /* custom menu.app */,
				24C8F0532576D7E100E0D182 /* custom menuTests.xctest */,
			);
			name = Products;
			sourceTree = "<group>";
		};
		24C8F03F2576D7DF00E0D182 /* custom menu */ = {
			isa = PBXGroup;
			children = (
				24C8F0402576D7DF00E0D182 /* AppDelegate.swift */,
				24C8F0422576D7DF00E0D182 /* SceneDelegate.swift */,
				24C8F0442576D7DF00E0D182 /* ViewController.swift */,
				24C8F0462576D7DF00E0D182 /* Main.storyboard */,
				24C8F0492576D7E100E0D182 /* Assets.xcassets */,
				24C8F04B2576D7E100E0D182 /* LaunchScreen.storyboard */,
				24C8F04E2576D7E100E0D182 /* Info.plist */,
			);
			path = "custom menu";
			sourceTree = "<group>";
		};
		24C8F0562576D7E100E0D182 /* custom menuTests */ = {
			isa = PBXGroup;
			children = (
				24C8F0572576D7E100E0D182 /* custom_menuTests.swift */,
				24C8F0592576D7E100E0D182 /* Info.plist */,
			);
			path = "custom menuTests";
			sourceTree = "<group>";
		};
/* End PBXGroup section */

/* Begin PBXNativeTarget section */
		24C8F03C2576D7DF00E0D182 /* custom menu */ = {
			isa = PBXNativeTarget;
			buildConfigurationList = 24C8F05C2576D7E100E0D182 /* Build configuration list for PBXNativeTarget "custom menu" */;
			buildPhases = (
				24C8F0392576D7DF00E0D182 /* Sources */,
				24C8F03A2576D7DF00E0D182 /* Frameworks */,
				24C8F03B2576D7DF00E0D182 /* Resources */,
			);
			buildRules = (
			);
			dependencies = (
			);
			name = "custom menu";
			productName = "custom menu";
			productReference = 24C8F03D2576D7DF00E0D182 /* custom menu.app */;
			productType = "com.apple.product-type.application";
		};
		24C8F0522576D7E100E0D182 /* custom menuTests */ = {
			isa = PBXNativeTarget;
			buildConfigurationList = 24C8F05F2576D7E100E0D182 /* Build configuration list for PBXNativeTarget "custom menuTests" */;
			buildPhases = (
				24C8F04F2576D7E100E0D182 /* Sources */,
				24C8F0502576D7E100E0D182 /* Frameworks */,
				24C8F0512576D7E100E0D182 /* Resources */,
			);
			buildRules = (
			);
			dependencies = (
				24C8F0552576D7E100E0D182 /* PBXTargetDependency */,
			);
			name = "custom menuTests";
			productName = "custom menuTests";
			productReference = 24C8F0532576D7E100E0D182 /* custom menuTests.xctest */;
			productType = "com.apple.product-type.bundle.unit-test";
		};
/* End PBXNativeTarget section */

/* Begin PBXProject section */
		24C8F0352576D7DF00E0D182 /* Project object */ = {
			isa = PBXProject;
			attributes = {
				LastSwiftUpdateCheck = 1160;
				LastUpgradeCheck = 1160;
				ORGANIZATIONNAME = MAK;
				TargetAttributes = {
					24C8F03C2576D7DF00E0D182 = {
						CreatedOnToolsVersion = 11.6;
					};
					24C8F0522576D7E100E0D182 = {
						CreatedOnToolsVersion = 11.6;
						TestTargetID = 24C8F03C2576D7DF00E0D182;
					};
				};
			};
			buildConfigurationList = 24C8F0382576D7DF00E0D182 /* Build configuration list for PBXProject "custom menu" */;
			compatibilityVersion = "Xcode 9.3";
			developmentRegion = en;
			hasScannedForEncodings = 0;
			knownRegions = (
				en,
				Base,
			);
			mainGroup = 24C8F0342576D7DF00E0D182;
			productRefGroup = 24C8F03E2576D7DF00E0D182 /* Products */;
			projectDirPath = "";
			projectRoot = "";
			targets = (
				24C8F03C2576D7DF00E0D182 /* custom menu */,
				24C8F0522576D7E100E0D182 /* custom menuTests */,
			);
		};
/* End PBXProject section */

/* Begin PBXResourcesBuildPhase section */
		24C8F03B2576D7DF00E0D182 /* Resources */ = {
			isa = PBXResourcesBuildPhase;
			buildActionMask = 2147483647;
			files = (
				24C8F04D2576D7E100E0D182 /* LaunchScreen.storyboard in Resources */,
				24C8F04A2576D7E100E0D182 /* Assets.xcassets in Resources */,
				24C8F0482576D7DF00E0D182 /* Main.storyboard in Resources */,
			);
			runOnlyForDeploymentPostprocessing = 0;
		};
		24C8F0512576D7E100E0D182 /* Resources */ = {
			isa = PBXResourcesBuildPhase;
			buildActionMask = 2147483647;
			files = (
			);
			runOnlyForDeploymentPostprocessing = 0;
		};
/* End PBXResourcesBuildPhase section */

/* Begin PBXSourcesBuildPhase section */
		24C8F0392576D7DF00E0D182 /* Sources */ = {
			isa = PBXSourcesBuildPhase;
			buildActionMask = 2147483647;
			files = (
				24C8F0452576D7DF00E0D182 /* ViewController.swift in Sources */,
				24C8F0412576D7DF00E0D182 /* AppDelegate.swift in Sources */,
				24C8F0432576D7DF00E0D182 /* SceneDelegate.swift in Sources */,
			);
			runOnlyForDeploymentPostprocessing = 0;
		};
		24C8F04F2576D7E100E0D182 /* Sources */ = {
			isa = PBXSourcesBuildPhase;
			buildActionMask = 2147483647;
			files = (
				24C8F0582576D7E100E0D182 /* custom_menuTests.swift in Sources */,
			);
			runOnlyForDeploymentPostprocessing = 0;
		};
/* End PBXSourcesBuildPhase section */

/* Begin PBXTargetDependency section */
		24C8F0552576D7E100E0D182 /* PBXTargetDependency */ = {
			isa = PBXTargetDependency;
			target = 24C8F03C2576D7DF00E0D182 /* custom menu */;
			targetProxy = 24C8F0542576D7E100E0D182 /* PBXContainerItemProxy */;
		};
/* End PBXTargetDependency section */

/* Begin PBXVariantGroup section */
		24C8F0462576D7DF00E0D182 /* Main.storyboard */ = {
			isa = PBXVariantGroup;
			children = (
				24C8F0472576D7DF00E0D182 /* Base */,
			);
			name = Main.storyboard;
			sourceTree = "<group>";
		};
		24C8F04B2576D7E100E0D182 /* LaunchScreen.storyboard */ = {
			isa = PBXVariantGroup;
			children = (
				24C8F04C2576D7E100E0D182 /* Base */,
			);
			name = LaunchScreen.storyboard;
			sourceTree = "<group>";
		};
/* End PBXVariantGroup section */

/* Begin XCBuildConfiguration section */
		24C8F05A2576D7E100E0D182 /* Debug */ = {
			isa = XCBuildConfiguration;
			buildSettings = {
				ALWAYS_SEARCH_USER_PATHS = NO;
				CLANG_ANALYZER_NONNULL = YES;
				CLANG_ANALYZER_NUMBER_OBJECT_CONVERSION = YES_AGGRESSIVE;
				CLANG_CXX_LANGUAGE_STANDARD = "gnu++14";
				CLANG_CXX_LIBRARY = "libc++";
				CLANG_ENABLE_MODULES = YES;
				CLANG_ENABLE_OBJC_ARC = YES;
				CLANG_ENABLE_OBJC_WEAK = YES;
				CLANG_WARN_BLOCK_CAPTURE_AUTORELEASING = YES;
				CLANG_WARN_BOOL_CONVERSION = YES;
				CLANG_WARN_COMMA = YES;
				CLANG_WARN_CONSTANT_CONVERSION = YES;
				CLANG_WARN_DEPRECATED_OBJC_IMPLEMENTATIONS = YES;
				CLANG_WARN_DIRECT_OBJC_ISA_USAGE = YES_ERROR;
				CLANG_WARN_DOCUMENTATION_COMMENTS = YES;
				CLANG_WARN_EMPTY_BODY = YES;
				CLANG_WARN_ENUM_CONVERSION = YES;
				CLANG_WARN_INFINITE_RECURSION = YES;
				CLANG_WARN_INT_CONVERSION = YES;
				CLANG_WARN_NON_LITERAL_NULL_CONVERSION = YES;
				CLANG_WARN_OBJC_IMPLICIT_RETAIN_SELF = YES;
				CLANG_WARN_OBJC_LITERAL_CONVERSION = YES;
				CLANG_WARN_OBJC_ROOT_CLASS = YES_ERROR;
				CLANG_WARN_RANGE_LOOP_ANALYSIS = YES;
				CLANG_WARN_STRICT_PROTOTYPES = YES;
				CLANG_WARN_SUSPICIOUS_MOVE = YES;
				CLANG_WARN_UNGUARDED_AVAILABILITY = YES_AGGRESSIVE;
				CLANG_WARN_UNREACHABLE_CODE = YES;
				CLANG_WARN__DUPLICATE_METHOD_MATCH = YES;
				COPY_PHASE_STRIP = NO;
				DEBUG_INFORMATION_FORMAT = dwarf;
				ENABLE_STRICT_OBJC_MSGSEND = YES;
				ENABLE_TESTABILITY = YES;
				GCC_C_LANGUAGE_STANDARD = gnu11;
				GCC_DYNAMIC_NO_PIC = NO;
				GCC_NO_COMMON_BLOCKS = YES;
				GCC_OPTIMIZATION_LEVEL = 0;
				GCC_PREPROCESSOR_DEFINITIONS = (
					"DEBUG=1",
					"$(inherited)",
				);
				GCC_WARN_64_TO_32_BIT_CONVERSION = YES;
				GCC_WARN_ABOUT_RETURN_TYPE = YES_ERROR;
				GCC_WARN_UNDECLARED_SELECTOR = YES;
				GCC_WARN_UNINITIALIZED_AUTOS = YES_AGGRESSIVE;
				GCC_WARN_UNUSED_FUNCTION = YES;
				GCC_WARN_UNUSED_VARIABLE = YES;
				IPHONEOS_DEPLOYMENT_TARGET = 13.6;
				MTL_ENABLE_DEBUG_INFO = INCLUDE_SOURCE;
				MTL_FAST_MATH = YES;
				ONLY_ACTIVE_ARCH = YES;
				SDKROOT = iphoneos;
				SWIFT_ACTIVE_COMPILATION_CONDITIONS = DEBUG;
				SWIFT_OPTIMIZATION_LEVEL = "-Onone";
			};
			name = Debug;
		};
		24C8F05B2576D7E100E0D182 /* Release */ = {
			isa = XCBuildConfiguration;
			buildSettings = {
				ALWAYS_SEARCH_USER_PATHS = NO;
				CLANG_ANALYZER_NONNULL = YES;
				CLANG_ANALYZER_NUMBER_OBJECT_CONVERSION = YES_AGGRESSIVE;
				CLANG_CXX_LANGUAGE_STANDARD = "gnu++14";
				CLANG_CXX_LIBRARY = "libc++";
				CLANG_ENABLE_MODULES = YES;
				CLANG_ENABLE_OBJC_ARC = YES;
				CLANG_ENABLE_OBJC_WEAK = YES;
				CLANG_WARN_BLOCK_CAPTURE_AUTORELEASING = YES;
				CLANG_WARN_BOOL_CONVERSION = YES;
				CLANG_WARN_COMMA = YES;
				CLANG_WARN_CONSTANT_CONVERSION = YES;
				CLANG_WARN_DEPRECATED_OBJC_IMPLEMENTATIONS = YES;
				CLANG_WARN_DIRECT_OBJC_ISA_USAGE = YES_ERROR;
				CLANG_WARN_DOCUMENTATION_COMMENTS = YES;
				CLANG_WARN_EMPTY_BODY = YES;
				CLANG_WARN_ENUM_CONVERSION = YES;
				CLANG_WARN_INFINITE_RECURSION = YES;
				CLANG_WARN_INT_CONVERSION = YES;
				CLANG_WARN_NON_LITERAL_NULL_CONVERSION = YES;
				CLANG_WARN_OBJC_IMPLICIT_RETAIN_SELF = YES;
				CLANG_WARN_OBJC_LITERAL_CONVERSION = YES;
				CLANG_WARN_OBJC_ROOT_CLASS = YES_ERROR;
				CLANG_WARN_RANGE_LOOP_ANALYSIS = YES;
				CLANG_WARN_STRICT_PROTOTYPES = YES;
				CLANG_WARN_SUSPICIOUS_MOVE = YES;
				CLANG_WARN_UNGUARDED_AVAILABILITY = YES_AGGRESSIVE;
				CLANG_WARN_UNREACHABLE_CODE = YES;
				CLANG_WARN__DUPLICATE_METHOD_MATCH = YES;
				COPY_PHASE_STRIP = NO;
				DEBUG_INFORMATION_FORMAT = "dwarf-with-dsym";
				ENABLE_NS_ASSERTIONS = NO;
				ENABLE_STRICT_OBJC_MSGSEND = YES;
				GCC_C_LANGUAGE_STANDARD = gnu11;
				GCC_NO_COMMON_BLOCKS = YES;
				GCC_WARN_64_TO_32_BIT_CONVERSION = YES;
				GCC_WARN_ABOUT_RETURN_TYPE = YES_ERROR;
				GCC_WARN_UNDECLARED_SELECTOR = YES;
				GCC_WARN_UNINITIALIZED_AUTOS = YES_AGGRESSIVE;
				GCC_WARN_UNUSED_FUNCTION = YES;
				GCC_WARN_UNUSED_VARIABLE = YES;
				IPHONEOS_DEPLOYMENT_TARGET = 13.6;
				MTL_ENABLE_DEBUG_INFO = NO;
				MTL_FAST_MATH = YES;
				SDKROOT = iphoneos;
				SWIFT_COMPILATION_MODE = wholemodule;
				SWIFT_OPTIMIZATION_LEVEL = "-O";
				VALIDATE_PRODUCT = YES;
			};
			name = Release;
		};
		24C8F05D2576D7E100E0D182 /* Debug */ = {
			isa = XCBuildConfiguration;
			buildSettings = {
				ASSETCATALOG_COMPILER_APPICON_NAME = AppIcon;
				CODE_SIGN_STYLE = Automatic;
				DEVELOPMENT_TEAM = RW46Y7Q3C2;
				INFOPLIST_FILE = "custom menu/Info.plist";
				LD_RUNPATH_SEARCH_PATHS = (
					"$(inherited)",
					"@executable_path/Frameworks",
				);
				PRODUCT_BUNDLE_IDENTIFIER = "MyShopGroup.com.custom-menu";
				PRODUCT_NAME = "$(TARGET_NAME)";
				SWIFT_VERSION = 5.0;
				TARGETED_DEVICE_FAMILY = "1,2";
			};
			name = Debug;
		};
		24C8F05E2576D7E100E0D182 /* Release */ = {
			isa = XCBuildConfiguration;
			buildSettings = {
				ASSETCATALOG_COMPILER_APPICON_NAME = AppIcon;
				CODE_SIGN_STYLE = Automatic;
				DEVELOPMENT_TEAM = RW46Y7Q3C2;
				INFOPLIST_FILE = "custom menu/Info.plist";
				LD_RUNPATH_SEARCH_PATHS = (
					"$(inherited)",
					"@executable_path/Frameworks",
				);
				PRODUCT_BUNDLE_IDENTIFIER = "MyShopGroup.com.custom-menu";
				PRODUCT_NAME = "$(TARGET_NAME)";
				SWIFT_VERSION = 5.0;
				TARGETED_DEVICE_FAMILY = "1,2";
			};
			name = Release;
		};
		24C8F0602576D7E100E0D182 /* Debug */ = {
			isa = XCBuildConfiguration;
			buildSettings = {
				ALWAYS_EMBED_SWIFT_STANDARD_LIBRARIES = YES;
				BUNDLE_LOADER = "$(TEST_HOST)";
				CODE_SIGN_STYLE = Automatic;
				DEVELOPMENT_TEAM = RW46Y7Q3C2;
				INFOPLIST_FILE = "custom menuTests/Info.plist";
				IPHONEOS_DEPLOYMENT_TARGET = 13.6;
				LD_RUNPATH_SEARCH_PATHS = (
					"$(inherited)",
					"@executable_path/Frameworks",
					"@loader_path/Frameworks",
				);
				PRODUCT_BUNDLE_IDENTIFIER = "MyShopGroup.com.custom-menuTests";
				PRODUCT_NAME = "$(TARGET_NAME)";
				SWIFT_VERSION = 5.0;
				TARGETED_DEVICE_FAMILY = "1,2";
				TEST_HOST = "$(BUILT_PRODUCTS_DIR)/custom menu.app/custom menu";
			};
			name = Debug;
		};
		24C8F0612576D7E100E0D182 /* Release */ = {
			isa = XCBuildConfiguration;
			buildSettings = {
				ALWAYS_EMBED_SWIFT_STANDARD_LIBRARIES = YES;
				BUNDLE_LOADER = "$(TEST_HOST)";
				CODE_SIGN_STYLE = Automatic;
				DEVELOPMENT_TEAM = RW46Y7Q3C2;
				INFOPLIST_FILE = "custom menuTests/Info.plist";
				IPHONEOS_DEPLOYMENT_TARGET = 13.6;
				LD_RUNPATH_SEARCH_PATHS = (
					"$(inherited)",
					"@executable_path/Frameworks",
					"@loader_path/Frameworks",
				);
				PRODUCT_BUNDLE_IDENTIFIER = "MyShopGroup.com.custom-menuTests";
				PRODUCT_NAME = "$(TARGET_NAME)";
				SWIFT_VERSION = 5.0;
				TARGETED_DEVICE_FAMILY = "1,2";
				TEST_HOST = "$(BUILT_PRODUCTS_DIR)/custom menu.app/custom menu";
			};
			name = Release;
		};
/* End XCBuildConfiguration section */

/* Begin XCConfigurationList section */
		24C8F0382576D7DF00E0D182 /* Build configuration list for PBXProject "custom menu" */ = {
			isa = XCConfigurationList;
			buildConfigurations = (
				24C8F05A2576D7E100E0D182 /* Debug */,
				24C8F05B2576D7E100E0D182 /* Release */,
			);
			defaultConfigurationIsVisible = 0;
			defaultConfigurationName = Release;
		};
		24C8F05C2576D7E100E0D182 /* Build configuration list for PBXNativeTarget "custom menu" */ = {
			isa = XCConfigurationList;
			buildConfigurations = (
				24C8F05D2576D7E100E0D182 /* Debug */,
				24C8F05E2576D7E100E0D182 /* Release */,
			);
			defaultConfigurationIsVisible = 0;
			defaultConfigurationName = Release;
		};
		24C8F05F2576D7E100E0D182 /* Build configuration list for PBXNativeTarget "custom menuTests" */ = {
			isa = XCConfigurationList;
			buildConfigurations = (
				24C8F0602576D7E100E0D182 /* Debug */,
				24C8F0612576D7E100E0D182 /* Release */,
			);
			defaultConfigurationIsVisible = 0;
			defaultConfigurationName = Release;
		};
/* End XCConfigurationList section */
	};
	rootObject = 24C8F0352576D7DF00E0D182 /* Project object */;
}
